
Microsoft Visual Studio Solution File, Format Version 12.00
# Visual Studio Version 17
VisualStudioVersion = 17.4.33205.214
MinimumVisualStudioVersion = 10.0.40219.1
Project("{F2A71F9B-5D33-465A-A702-920D77279786}") = "EjemploLenguajeFSharpGrupo05", "EjemploLenguajeFSharpGrupo05\EjemploLenguajeFSharpGrupo05.fsproj", "{2403DB8C-5F1A-46C7-99B6-1F6DCD458452}"
EndProject
Global
	GlobalSection(SolutionConfigurationPlatforms) = preSolution
		Debug|Any CPU = Debug|Any CPU
		Release|Any CPU = Release|Any CPU
	EndGlobalSection
	GlobalSection(ProjectConfigurationPlatforms) = postSolution
		{2403DB8C-5F1A-46C7-99B6-1F6DCD458452}.Debug|Any CPU.ActiveCfg = Debug|Any CPU
		{2403DB8C-5F1A-46C7-99B6-1F6DCD458452}.Debug|Any CPU.Build.0 = Debug|Any CPU
		{2403DB8C-5F1A-46C7-99B6-1F6DCD458452}.Release|Any CPU.ActiveCfg = Release|Any CPU
		{2403DB8C-5F1A-46C7-99B6-1F6DCD458452}.Release|Any CPU.Build.0 = Release|Any CPU
	EndGlobalSection
	GlobalSection(SolutionProperties) = preSolution
		HideSolutionNode = FALSE
	EndGlobalSection
	GlobalSection(ExtensibilityGlobals) = postSolution
		SolutionGuid = {9D98ED09-DB30-4586-998A-009A4520198D}
	EndGlobalSection
EndGlobal
